github.com/baalimago/go_away_boilerplate v1.3.11 h1:dM3Hckn55zSb6D9N03+TTSUxFJ6207GsCiS6n8vVZCs=
github.com/baalimago/go_away_boilerplate v1.3.11/go.mod h1:2O+zQ0Zm8vPD5SeccFFlgyf3AnYWQSHAut/ecPMmRdU=
github.com/baalimago/go_away_boilerplate v1.3.12 h1:NrlUcxDAZbSn4iXCLBywcHsx8dbjXjJmmZoOXQg0y6A=
github.com/baalimago/go_away_boilerplate v1.3.12/go.mod h1:2O+zQ0Zm8vPD5SeccFFlgyf3AnYWQSHAut/ecPMmRdU=
github.com/baalimago/go_away_boilerplate v1.3.13 h1:aQ3Q73Nr7pBHY90gFQAhFdVkKvysmoTGHrhJu3OhxPE=
github.com/baalimago/go_away_boilerplate v1.3.13/go.mod h1:2O+zQ0Zm8vPD5SeccFFlgyf3AnYWQSHAut/ecPMmRdU=
github.com/baalimago/go_away_boilerplate v1.3.14 h1:MkCWZ0oxeSolA8J/Oin6D62I3cA8syNzsys8yarUBI4=
github.com/baalimago/go_away_boilerplate v1.3.14/go.mod h1:2O+zQ0Zm8vPD5SeccFFlgyf3AnYWQSHAut/ecPMmRdU=
github.com/baalimago/go_away_boilerplate v1.3.15 h1:iOn7G59bos8k+TY0MFrQvo+j+e0hV6XobppiD/JO0sc=
github.com/baalimago/go_away_boilerplate v1.3.15/go.mod h1:2O+zQ0Zm8vPD5SeccFFlgyf3AnYWQSHAut/ecPMmRdU=
github.com/baalimago/go_away_boilerplate v1.3.16 h1:RHQ2MDzkzQMbAse2nUzWoDeRT12TXth9n6qvQJaQrlY=
github.com/baalimago/go_away_boilerplate v1.3.16/go.mod h1:2O+zQ0Zm8vPD5SeccFFlgyf3AnYWQSHAut/ecPMmRdU=
github.com/baalimago/go_away_boilerplate v1.3.17 h1:sWOGEB9nXJbyk9fsxHBiTnkRB+Q1+hClvnKUtnQkvRU=
github.com/baalimago/go_away_boilerplate v1.3.17/go.mod h1:2O+zQ0Zm8vPD5SeccFFlgyf3AnYWQSHAut/ecPMmRdU=
github.com/baalimago/go_away_boilerplate v1.3.18 h1:5rNAAokKGUedg68Jo/O0sv0MErx95oyH6eLivvgpP9c=
github.com/baalimago/go_away_boilerplate v1.3.18/go.mod h1:2O+zQ0Zm8vPD5SeccFFlgyf3AnYWQSHAut/ecPMmRdU=
github.com/baalimago/go_away_boilerplate v1.3.19 h1:Lwfny7hf+OISiJgGFy8Ly+djnB1Camxn8jgSWJr4HOM=
github.com/baalimago/go_away_boilerplate v1.3.19/go.mod h1:2O+zQ0Zm8vPD5SeccFFlgyf3AnYWQSHAut/ecPMmRdU=
github.com/baalimago/go_away_boilerplate v1.3.20 h1:M9g5GRanpvxGXyAhBnWUQzqiQU4lBplQZ1SLT5pq/TE=
github.com/baalimago/go_away_boilerplate v1.3.20/go.mod h1:2O+zQ0Zm8vPD5SeccFFlgyf3AnYWQSHAut/ecPMmRdU=
github.com/baalimago/go_away_boilerplate v1.3.21 h1:viKPJcke1BnsJOJpuJk/d3UFvKUtKHmnRXnrHztp5Kc=
github.com/baalimago/go_away_boilerplate v1.3.21/go.mod h1:2O+zQ0Zm8vPD5SeccFFlgyf3AnYWQSHAut/ecPMmRdU=
github.com/baalimago/go_away_boilerplate v1.3.22 h1:l8PI+rP82JVSRzLqk0T4aAaM8Rv3hYJcE48VFaFv2oE=
github.com/baalimago/go_away_boilerplate v1.3.22/go.mod h1:2O+zQ0Zm8vPD5SeccFFlgyf3AnYWQSHAut/ecPMmRdU=
github.com/baalimago/go_away_boilerplate v1.3.23 h1:r1wDVLdNBP4J4MEvIFN7296gXBrlBA11+a+VU9CCjyo=
github.com/baalimago/go_away_boilerplate v1.3.23/go.mod h1:2O+zQ0Zm8vPD5SeccFFlgyf3AnYWQSHAut/ecPMmRdU=
github.com/baalimago/go_away_boilerplate v1.3.24 h1:0l/+1GPSVcnNj+jknoIu6Ww0AcbrPFyjeaN7ICYCGoo=
github.com/baalimago/go_away_boilerplate v1.3.24/go.mod h1:2O+zQ0Zm8vPD5SeccFFlgyf3AnYWQSHAut/ecPMmRdU=
github.com/baalimago/go_away_boilerplate v1.3.25 h1:8w0sQMJftyX3r0KImKiT9M0Oz4RzNNpc3m/ARJ4lPTE=
github.com/baalimago/go_away_boilerplate v1.3.25/go.mod h1:2O+zQ0Zm8vPD5SeccFFlgyf3AnYWQSHAut/ecPMmRdU=
github.com/baalimago/go_away_boilerplate v1.3.26 h1:1L8Yki53/VfHVLOBs4FEp+2hfqqDHwBNiBtkr1bHhjg=
github.com/baalimago/go_away_boilerplate v1.3.26/go.mod h1:2O+zQ0Zm8vPD5SeccFFlgyf3AnYWQSHAut/ecPMmRdU=
github.com/baalimago/go_away_boilerplate v1.3.27 h1:Cr8rb99s2SKr/FiTfAQbB8xwzE06m4bSaWeC0/cIN0A=
github.com/baalimago/go_away_boilerplate v1.3.27/go.mod h1:2O+zQ0Zm8vPD5SeccFFlgyf3AnYWQSHAut/ecPMmRdU=
github.com/baalimago/go_away_boilerplate v1.3.28 h1:PefDSmL0XzpiliLfb0lrjHtwDUIdbCQNKwlPHhi24Gg=
github.com/baalimago/go_away_boilerplate v1.3.28/go.mod h1:2O+zQ0Zm8vPD5SeccFFlgyf3AnYWQSHAut/ecPMmRdU=
github.com/baalimago/go_away_boilerplate v1.3.29 h1:+CyeSxOa3BsnlCQZV20ueVYuY3bd2XFPLy27Lzu3djk=
github.com/baalimago/go_away_boilerplate v1.3.29/go.mod h1:2O+zQ0Zm8vPD5SeccFFlgyf3AnYWQSHAut/ecPMmRdU=
github.com/baalimago/go_away_boilerplate v1.3.30 h1:kncoPdn8dZSp9eDa0oW9V0MCxcgSsRaiNbBahkJ1fVI=
github.com/baalimago/go_away_boilerplate v1.3.30/go.mod h1:2O+zQ0Zm8vPD5SeccFFlgyf3AnYWQSHAut/ecPMmRdU=
github.com/baalimago/go_away_boilerplate v1.3.32 h1:4+TBHtLpUVo1oCq1/v8wA8k8GdZVDBLY1+NZf2vcXA4=
github.com/baalimago/go_away_boilerplate v1.3.32/go.mod h1:2O+zQ0Zm8vPD5SeccFFlgyf3AnYWQSHAut/ecPMmRdU=
github.com/baalimago/go_away_boilerplate v1.3.337 h1:7vq2hlpklKB7tABy3KiV34jfopOEAYrAueVa3Yp3sLI=
github.com/baalimago/go_away_boilerplate v1.3.337/go.mod h1:2O+zQ0Zm8vPD5SeccFFlgyf3AnYWQSHAut/ecPMmRdU=
github.com/fsnotify/fsnotify v1.7.0 h1:8JEhPFa5W2WU7YfeZzPNqzMP6Lwt7L2715Ggo0nosvA=
github.com/fsnotify/fsnotify v1.7.0/go.mod h1:40Bi/Hjc2AVfZrqy+aj+yEI+/bRxZnMJyTJwOpGvigM=
golang.org/x/net v0.28.0 h1:a9JDOJc5GMUJ0+UDqmLT86WiEy7iWyIhz8gz8E4e5hE=
golang.org/x/net v0.28.0/go.mod h1:yqtgsTWOOnlGLG9GFRrK3++bGOUEkNBoHZc8MEDWPNg=
golang.org/x/sys v0.23.0 h1:YfKFowiIMvtgl1UERQoTPPToxltDeZfbj4H7dVUCwmM=
golang.org/x/sys v0.23.0/go.mod h1:/VUhepiaJMQUp4+oa/7Zr1D23ma6VTLIYjOOTFZPUcA=
